
Microsoft Visual Studio Solution File, Format Version 12.00
# Visual Studio Version 16
VisualStudioVersion = 16.0.29020.237
MinimumVisualStudioVersion = 10.0.40219.1
Project("{FAE04EC0-301F-11D3-BF4B-00C04F79EFBC}") = "Trans2ChiAmount", "Trans2ChiAmount.csproj", "{4FE1C042-E574-492E-A19B-D60988D9658B}"
EndProject
Global
	GlobalSection(SolutionConfigurationPlatforms) = preSolution
		Debug|Any CPU = Debug|Any CPU
		Release|Any CPU = Release|Any CPU
	EndGlobalSection
	GlobalSection(ProjectConfigurationPlatforms) = postSolution
		{4FE1C042-E574-492E-A19B-D60988D9658B}.Debug|Any CPU.ActiveCfg = Debug|Any CPU
		{4FE1C042-E574-492E-A19B-D60988D9658B}.Debug|Any CPU.Build.0 = Debug|Any CPU
		{4FE1C042-E574-492E-A19B-D60988D9658B}.Release|Any CPU.ActiveCfg = Release|Any CPU
		{4FE1C042-E574-492E-A19B-D60988D9658B}.Release|Any CPU.Build.0 = Release|Any CPU
	EndGlobalSection
	GlobalSection(SolutionProperties) = preSolution
		HideSolutionNode = FALSE
	EndGlobalSection
	GlobalSection(ExtensibilityGlobals) = postSolution
		SolutionGuid = {A3B6A056-B00D-4EA3-8AB4-90D9C8FB3442}
	EndGlobalSection
EndGlobal
